// !$*UTF8*$!
{
	archiveVersion = 1;
	classes = {
	};
	objectVersion = 55;
	objects = {

/* Begin PBXBuildFile section */
		32642ECC28730E0A00CF2E00 /* AppDelegate.swift in Sources */ = {isa = PBXBuildFile; fileRef = 32642ECB28730E0A00CF2E00 /* AppDelegate.swift */; };
		32642ECE28730E0A00CF2E00 /* SceneDelegate.swift in Sources */ = {isa = PBXBuildFile; fileRef = 32642ECD28730E0A00CF2E00 /* SceneDelegate.swift */; };
		32642ED028730E0A00CF2E00 /* TabBarController.swift in Sources */ = {isa = PBXBuildFile; fileRef = 32642ECF28730E0A00CF2E00 /* TabBarController.swift */; };
		32642ED528730E0B00CF2E00 /* Assets.xcassets in Resources */ = {isa = PBXBuildFile; fileRef = 32642ED428730E0B00CF2E00 /* Assets.xcassets */; };
		32642ED828730E0B00CF2E00 /* LaunchScreen.storyboard in Resources */ = {isa = PBXBuildFile; fileRef = 32642ED628730E0B00CF2E00 /* LaunchScreen.storyboard */; };
		32642EE12873212200CF2E00 /* Kingfisher in Frameworks */ = {isa = PBXBuildFile; productRef = 32642EE02873212200CF2E00 /* Kingfisher */; };
		32642EE4287321A300CF2E00 /* SnapKit in Frameworks */ = {isa = PBXBuildFile; productRef = 32642EE3287321A300CF2E00 /* SnapKit */; };
		32642EE828733E9A00CF2E00 /* TodayViewController.swift in Sources */ = {isa = PBXBuildFile; fileRef = 32642EE728733E9A00CF2E00 /* TodayViewController.swift */; };
		32642EEA28734F1F00CF2E00 /* TodayCollectionViewCell.swift in Sources */ = {isa = PBXBuildFile; fileRef = 32642EE928734F1F00CF2E00 /* TodayCollectionViewCell.swift */; };
/* End PBXBuildFile section */

/* Begin PBXFileReference section */
		32642EC828730E0A00CF2E00 /* AppStore_Study.app */ = {isa = PBXFileReference; explicitFileType = wrapper.application; includeInIndex = 0; path = AppStore_Study.app; sourceTree = BUILT_PRODUCTS_DIR; };
		32642ECB28730E0A00CF2E00 /* AppDelegate.swift */ = {isa = PBXFileReference; lastKnownFileType = sourcecode.swift; path = AppDelegate.swift; sourceTree = "<group>"; };
		32642ECD28730E0A00CF2E00 /* SceneDelegate.swift */ = {isa = PBXFileReference; lastKnownFileType = sourcecode.swift; path = SceneDelegate.swift; sourceTree = "<group>"; };
		32642ECF28730E0A00CF2E00 /* TabBarController.swift */ = {isa = PBXFileReference; lastKnownFileType = sourcecode.swift; path = TabBarController.swift; sourceTree = "<group>"; };
		32642ED428730E0B00CF2E00 /* Assets.xcassets */ = {isa = PBXFileReference; lastKnownFileType = folder.assetcatalog; path = Assets.xcassets; sourceTree = "<group>"; };
		32642ED728730E0B00CF2E00 /* Base */ = {isa = PBXFileReference; lastKnownFileType = file.storyboard; name = Base; path = Base.lproj/LaunchScreen.storyboard; sourceTree = "<group>"; };
		32642ED928730E0B00CF2E00 /* Info.plist */ = {isa = PBXFileReference; lastKnownFileType = text.plist.xml; path = Info.plist; sourceTree = "<group>"; };
		32642EE728733E9A00CF2E00 /* TodayViewController.swift */ = {isa = PBXFileReference; lastKnownFileType = sourcecode.swift; path = TodayViewController.swift; sourceTree = "<group>"; };
		32642EE928734F1F00CF2E00 /* TodayCollectionViewCell.swift */ = {isa = PBXFileReference; lastKnownFileType = sourcecode.swift; path = TodayCollectionViewCell.swift; sourceTree = "<group>"; };
/* End PBXFileReference section */

/* Begin PBXFrameworksBuildPhase section */
		32642EC528730E0A00CF2E00 /* Frameworks */ = {
			isa = PBXFrameworksBuildPhase;
			buildActionMask = 2147483647;
			files = (
				32642EE12873212200CF2E00 /* Kingfisher in Frameworks */,
				32642EE4287321A300CF2E00 /* SnapKit in Frameworks */,
			);
			runOnlyForDeploymentPostprocessing = 0;
		};
/* End PBXFrameworksBuildPhase section */

/* Begin PBXGroup section */
		32642EBF28730E0A00CF2E00 = {
			isa = PBXGroup;
			children = (
				32642ECA28730E0A00CF2E00 /* AppStore_Study */,
				32642EC928730E0A00CF2E00 /* Products */,
			);
			sourceTree = "<group>";
		};
		32642EC928730E0A00CF2E00 /* Products */ = {
			isa = PBXGroup;
			children = (
				32642EC828730E0A00CF2E00 /* AppStore_Study.app */,
			);
			name = Products;
			sourceTree = "<group>";
		};
		32642ECA28730E0A00CF2E00 /* AppStore_Study */ = {
			isa = PBXGroup;
			children = (
				32642ECB28730E0A00CF2E00 /* AppDelegate.swift */,
				32642ECD28730E0A00CF2E00 /* SceneDelegate.swift */,
				32642EE628733E4B00CF2E00 /* Scenes */,
				32642ED428730E0B00CF2E00 /* Assets.xcassets */,
				32642ED628730E0B00CF2E00 /* LaunchScreen.storyboard */,
				32642ED928730E0B00CF2E00 /* Info.plist */,
			);
			path = AppStore_Study;
			sourceTree = "<group>";
		};
		32642EE528733E1100CF2E00 /* Today */ = {
			isa = PBXGroup;
			children = (
				32642EE728733E9A00CF2E00 /* TodayViewController.swift */,
				32642EE928734F1F00CF2E00 /* TodayCollectionViewCell.swift */,
			);
			path = Today;
			sourceTree = "<group>";
		};
		32642EE628733E4B00CF2E00 /* Scenes */ = {
			isa = PBXGroup;
			children = (
				32642EE528733E1100CF2E00 /* Today */,
				32642ECF28730E0A00CF2E00 /* TabBarController.swift */,
			);
			path = Scenes;
			sourceTree = "<group>";
		};
/* End PBXGroup section */

/* Begin PBXNativeTarget section */
		32642EC728730E0A00CF2E00 /* AppStore_Study */ = {
			isa = PBXNativeTarget;
			buildConfigurationList = 32642EDC28730E0B00CF2E00 /* Build configuration list for PBXNativeTarget "AppStore_Study" */;
			buildPhases = (
				32642EC428730E0A00CF2E00 /* Sources */,
				32642EC528730E0A00CF2E00 /* Frameworks */,
				32642EC628730E0A00CF2E00 /* Resources */,
			);
			buildRules = (
			);
			dependencies = (
			);
			name = AppStore_Study;
			packageProductDependencies = (
				32642EE02873212200CF2E00 /* Kingfisher */,
				32642EE3287321A300CF2E00 /* SnapKit */,
			);
			productName = AppStore_Study;
			productReference = 32642EC828730E0A00CF2E00 /* AppStore_Study.app */;
			productType = "com.apple.product-type.application";
		};
/* End PBXNativeTarget section */

/* Begin PBXProject section */
		32642EC028730E0A00CF2E00 /* Project object */ = {
			isa = PBXProject;
			attributes = {
				BuildIndependentTargetsInParallel = 1;
				LastSwiftUpdateCheck = 1340;
				LastUpgradeCheck = 1340;
				TargetAttributes = {
					32642EC728730E0A00CF2E00 = {
						CreatedOnToolsVersion = 13.4.1;
					};
				};
			};
			buildConfigurationList = 32642EC328730E0A00CF2E00 /* Build configuration list for PBXProject "AppStore_Study" */;
			compatibilityVersion = "Xcode 13.0";
			developmentRegion = en;
			hasScannedForEncodings = 0;
			knownRegions = (
				en,
				Base,
			);
			mainGroup = 32642EBF28730E0A00CF2E00;
			packageReferences = (
				32642EDF2873212200CF2E00 /* XCRemoteSwiftPackageReference "Kingfisher" */,
				32642EE2287321A300CF2E00 /* XCRemoteSwiftPackageReference "SnapKit" */,
			);
			productRefGroup = 32642EC928730E0A00CF2E00 /* Products */;
			projectDirPath = "";
			projectRoot = "";
			targets = (
				32642EC728730E0A00CF2E00 /* AppStore_Study */,
			);
		};
/* End PBXProject section */

/* Begin PBXResourcesBuildPhase section */
		32642EC628730E0A00CF2E00 /* Resources */ = {
			isa = PBXResourcesBuildPhase;
			buildActionMask = 2147483647;
			files = (
				32642ED828730E0B00CF2E00 /* LaunchScreen.storyboard in Resources */,
				32642ED528730E0B00CF2E00 /* Assets.xcassets in Resources */,
			);
			runOnlyForDeploymentPostprocessing = 0;
		};
/* End PBXResourcesBuildPhase section */

/* Begin PBXSourcesBuildPhase section */
		32642EC428730E0A00CF2E00 /* Sources */ = {
			isa = PBXSourcesBuildPhase;
			buildActionMask = 2147483647;
			files = (
				32642EE828733E9A00CF2E00 /* TodayViewController.swift in Sources */,
				32642ED028730E0A00CF2E00 /* TabBarController.swift in Sources */,
				32642ECC28730E0A00CF2E00 /* AppDelegate.swift in Sources */,
				32642ECE28730E0A00CF2E00 /* SceneDelegate.swift in Sources */,
				32642EEA28734F1F00CF2E00 /* TodayCollectionViewCell.swift in Sources */,
			);
			runOnlyForDeploymentPostprocessing = 0;
		};
/* End PBXSourcesBuildPhase section */

/* Begin PBXVariantGroup section */
		32642ED628730E0B00CF2E00 /* LaunchScreen.storyboard */ = {
			isa = PBXVariantGroup;
			children = (
				32642ED728730E0B00CF2E00 /* Base */,
			);
			name = LaunchScreen.storyboard;
			sourceTree = "<group>";
		};
/* End PBXVariantGroup section */

/* Begin XCBuildConfiguration section */
		32642EDA28730E0B00CF2E00 /* Debug */ = {
			isa = XCBuildConfiguration;
			buildSettings = {
				ALWAYS_SEARCH_USER_PATHS = NO;
				CLANG_ANALYZER_NONNULL = YES;
				CLANG_ANALYZER_NUMBER_OBJECT_CONVERSION = YES_AGGRESSIVE;
				CLANG_CXX_LANGUAGE_STANDARD = "gnu++17";
				CLANG_ENABLE_MODULES = YES;
				CLANG_ENABLE_OBJC_ARC = YES;
				CLANG_ENABLE_OBJC_WEAK = YES;
				CLANG_WARN_BLOCK_CAPTURE_AUTORELEASING = YES;
				CLANG_WARN_BOOL_CONVERSION = YES;
				CLANG_WARN_COMMA = YES;
				CLANG_WARN_CONSTANT_CONVERSION = YES;
				CLANG_WARN_DEPRECATED_OBJC_IMPLEMENTATIONS = YES;
				CLANG_WARN_DIRECT_OBJC_ISA_USAGE = YES_ERROR;
				CLANG_WARN_DOCUMENTATION_COMMENTS = YES;
				CLANG_WARN_EMPTY_BODY = YES;
				CLANG_WARN_ENUM_CONVERSION = YES;
				CLANG_WARN_INFINITE_RECURSION = YES;
				CLANG_WARN_INT_CONVERSION = YES;
				CLANG_WARN_NON_LITERAL_NULL_CONVERSION = YES;
				CLANG_WARN_OBJC_IMPLICIT_RETAIN_SELF = YES;
				CLANG_WARN_OBJC_LITERAL_CONVERSION = YES;
				CLANG_WARN_OBJC_ROOT_CLASS = YES_ERROR;
				CLANG_WARN_QUOTED_INCLUDE_IN_FRAMEWORK_HEADER = YES;
				CLANG_WARN_RANGE_LOOP_ANALYSIS = YES;
				CLANG_WARN_STRICT_PROTOTYPES = YES;
				CLANG_WARN_SUSPICIOUS_MOVE = YES;
				CLANG_WARN_UNGUARDED_AVAILABILITY = YES_AGGRESSIVE;
				CLANG_WARN_UNREACHABLE_CODE = YES;
				CLANG_WARN__DUPLICATE_METHOD_MATCH = YES;
				COPY_PHASE_STRIP = NO;
				DEBUG_INFORMATION_FORMAT = dwarf;
				ENABLE_STRICT_OBJC_MSGSEND = YES;
				ENABLE_TESTABILITY = YES;
				GCC_C_LANGUAGE_STANDARD = gnu11;
				GCC_DYNAMIC_NO_PIC = NO;
				GCC_NO_COMMON_BLOCKS = YES;
				GCC_OPTIMIZATION_LEVEL = 0;
				GCC_PREPROCESSOR_DEFINITIONS = (
					"DEBUG=1",
					"$(inherited)",
				);
				GCC_WARN_64_TO_32_BIT_CONVERSION = YES;
				GCC_WARN_ABOUT_RETURN_TYPE = YES_ERROR;
				GCC_WARN_UNDECLARED_SELECTOR = YES;
				GCC_WARN_UNINITIALIZED_AUTOS = YES_AGGRESSIVE;
				GCC_WARN_UNUSED_FUNCTION = YES;
				GCC_WARN_UNUSED_VARIABLE = YES;
				IPHONEOS_DEPLOYMENT_TARGET = 15.5;
				MTL_ENABLE_DEBUG_INFO = INCLUDE_SOURCE;
				MTL_FAST_MATH = YES;
				ONLY_ACTIVE_ARCH = YES;
				SDKROOT = iphoneos;
				SWIFT_ACTIVE_COMPILATION_CONDITIONS = DEBUG;
				SWIFT_OPTIMIZATION_LEVEL = "-Onone";
			};
			name = Debug;
		};
		32642EDB28730E0B00CF2E00 /* Release */ = {
			isa = XCBuildConfiguration;
			buildSettings = {
				ALWAYS_SEARCH_USER_PATHS = NO;
				CLANG_ANALYZER_NONNULL = YES;
				CLANG_ANALYZER_NUMBER_OBJECT_CONVERSION = YES_AGGRESSIVE;
				CLANG_CXX_LANGUAGE_STANDARD = "gnu++17";
				CLANG_ENABLE_MODULES = YES;
				CLANG_ENABLE_OBJC_ARC = YES;
				CLANG_ENABLE_OBJC_WEAK = YES;
				CLANG_WARN_BLOCK_CAPTURE_AUTORELEASING = YES;
				CLANG_WARN_BOOL_CONVERSION = YES;
				CLANG_WARN_COMMA = YES;
				CLANG_WARN_CONSTANT_CONVERSION = YES;
				CLANG_WARN_DEPRECATED_OBJC_IMPLEMENTATIONS = YES;
				CLANG_WARN_DIRECT_OBJC_ISA_USAGE = YES_ERROR;
				CLANG_WARN_DOCUMENTATION_COMMENTS = YES;
				CLANG_WARN_EMPTY_BODY = YES;
				CLANG_WARN_ENUM_CONVERSION = YES;
				CLANG_WARN_INFINITE_RECURSION = YES;
				CLANG_WARN_INT_CONVERSION = YES;
				CLANG_WARN_NON_LITERAL_NULL_CONVERSION = YES;
				CLANG_WARN_OBJC_IMPLICIT_RETAIN_SELF = YES;
				CLANG_WARN_OBJC_LITERAL_CONVERSION = YES;
				CLANG_WARN_OBJC_ROOT_CLASS = YES_ERROR;
				CLANG_WARN_QUOTED_INCLUDE_IN_FRAMEWORK_HEADER = YES;
				CLANG_WARN_RANGE_LOOP_ANALYSIS = YES;
				CLANG_WARN_STRICT_PROTOTYPES = YES;
				CLANG_WARN_SUSPICIOUS_MOVE = YES;
				CLANG_WARN_UNGUARDED_AVAILABILITY = YES_AGGRESSIVE;
				CLANG_WARN_UNREACHABLE_CODE = YES;
				CLANG_WARN__DUPLICATE_METHOD_MATCH = YES;
				COPY_PHASE_STRIP = NO;
				DEBUG_INFORMATION_FORMAT = "dwarf-with-dsym";
				ENABLE_NS_ASSERTIONS = NO;
				ENABLE_STRICT_OBJC_MSGSEND = YES;
				GCC_C_LANGUAGE_STANDARD = gnu11;
				GCC_NO_COMMON_BLOCKS = YES;
				GCC_WARN_64_TO_32_BIT_CONVERSION = YES;
				GCC_WARN_ABOUT_RETURN_TYPE = YES_ERROR;
				GCC_WARN_UNDECLARED_SELECTOR = YES;
				GCC_WARN_UNINITIALIZED_AUTOS = YES_AGGRESSIVE;
				GCC_WARN_UNUSED_FUNCTION = YES;
				GCC_WARN_UNUSED_VARIABLE = YES;
				IPHONEOS_DEPLOYMENT_TARGET = 15.5;
				MTL_ENABLE_DEBUG_INFO = NO;
				MTL_FAST_MATH = YES;
				SDKROOT = iphoneos;
				SWIFT_COMPILATION_MODE = wholemodule;
				SWIFT_OPTIMIZATION_LEVEL = "-O";
				VALIDATE_PRODUCT = YES;
			};
			name = Release;
		};
		32642EDD28730E0B00CF2E00 /* Debug */ = {
			isa = XCBuildConfiguration;
			buildSettings = {
				ASSETCATALOG_COMPILER_APPICON_NAME = AppIcon;
				ASSETCATALOG_COMPILER_GLOBAL_ACCENT_COLOR_NAME = AccentColor;
				CODE_SIGN_STYLE = Automatic;
				CURRENT_PROJECT_VERSION = 1;
				DEVELOPMENT_TEAM = FRZRS5Y9L6;
				GENERATE_INFOPLIST_FILE = YES;
				INFOPLIST_FILE = AppStore_Study/Info.plist;
				INFOPLIST_KEY_UIApplicationSupportsIndirectInputEvents = YES;
				INFOPLIST_KEY_UILaunchStoryboardName = LaunchScreen;
				INFOPLIST_KEY_UISupportedInterfaceOrientations_iPad = "UIInterfaceOrientationPortrait UIInterfaceOrientationPortraitUpsideDown UIInterfaceOrientationLandscapeLeft UIInterfaceOrientationLandscapeRight";
				INFOPLIST_KEY_UISupportedInterfaceOrientations_iPhone = "UIInterfaceOrientationPortrait UIInterfaceOrientationLandscapeLeft UIInterfaceOrientationLandscapeRight";
				LD_RUNPATH_SEARCH_PATHS = (
					"$(inherited)",
					"@executable_path/Frameworks",
				);
				MARKETING_VERSION = 1.0;
				PRODUCT_BUNDLE_IDENTIFIER = "com.changBro.AppStore-Study";
				PRODUCT_NAME = "$(TARGET_NAME)";
				SWIFT_EMIT_LOC_STRINGS = YES;
				SWIFT_VERSION = 5.0;
				TARGETED_DEVICE_FAMILY = "1,2";
			};
			name = Debug;
		};
		32642EDE28730E0B00CF2E00 /* Release */ = {
			isa = XCBuildConfiguration;
			buildSettings = {
				ASSETCATALOG_COMPILER_APPICON_NAME = AppIcon;
				ASSETCATALOG_COMPILER_GLOBAL_ACCENT_COLOR_NAME = AccentColor;
				CODE_SIGN_STYLE = Automatic;
				CURRENT_PROJECT_VERSION = 1;
				DEVELOPMENT_TEAM = FRZRS5Y9L6;
				GENERATE_INFOPLIST_FILE = YES;
				INFOPLIST_FILE = AppStore_Study/Info.plist;
				INFOPLIST_KEY_UIApplicationSupportsIndirectInputEvents = YES;
				INFOPLIST_KEY_UILaunchStoryboardName = LaunchScreen;
				INFOPLIST_KEY_UISupportedInterfaceOrientations_iPad = "UIInterfaceOrientationPortrait UIInterfaceOrientationPortraitUpsideDown UIInterfaceOrientationLandscapeLeft UIInterfaceOrientationLandscapeRight";
				INFOPLIST_KEY_UISupportedInterfaceOrientations_iPhone = "UIInterfaceOrientationPortrait UIInterfaceOrientationLandscapeLeft UIInterfaceOrientationLandscapeRight";
				LD_RUNPATH_SEARCH_PATHS = (
					"$(inherited)",
					"@executable_path/Frameworks",
				);
				MARKETING_VERSION = 1.0;
				PRODUCT_BUNDLE_IDENTIFIER = "com.changBro.AppStore-Study";
				PRODUCT_NAME = "$(TARGET_NAME)";
				SWIFT_EMIT_LOC_STRINGS = YES;
				SWIFT_VERSION = 5.0;
				TARGETED_DEVICE_FAMILY = "1,2";
			};
			name = Release;
		};
/* End XCBuildConfiguration section */

/* Begin XCConfigurationList section */
		32642EC328730E0A00CF2E00 /* Build configuration list for PBXProject "AppStore_Study" */ = {
			isa = XCConfigurationList;
			buildConfigurations = (
				32642EDA28730E0B00CF2E00 /* Debug */,
				32642EDB28730E0B00CF2E00 /* Release */,
			);
			defaultConfigurationIsVisible = 0;
			defaultConfigurationName = Release;
		};
		32642EDC28730E0B00CF2E00 /* Build configuration list for PBXNativeTarget "AppStore_Study" */ = {
			isa = XCConfigurationList;
			buildConfigurations = (
				32642EDD28730E0B00CF2E00 /* Debug */,
				32642EDE28730E0B00CF2E00 /* Release */,
			);
			defaultConfigurationIsVisible = 0;
			defaultConfigurationName = Release;
		};
/* End XCConfigurationList section */

/* Begin XCRemoteSwiftPackageReference section */
		32642EDF2873212200CF2E00 /* XCRemoteSwiftPackageReference "Kingfisher" */ = {
			isa = XCRemoteSwiftPackageReference;
			repositoryURL = "https://github.com/onevcat/Kingfisher";
			requirement = {
				kind = upToNextMajorVersion;
				minimumVersion = 7.0.0;
			};
		};
		32642EE2287321A300CF2E00 /* XCRemoteSwiftPackageReference "SnapKit" */ = {
			isa = XCRemoteSwiftPackageReference;
			repositoryURL = "https://github.com/SnapKit/SnapKit";
			requirement = {
				kind = upToNextMajorVersion;
				minimumVersion = 5.0.0;
			};
		};
/* End XCRemoteSwiftPackageReference section */

/* Begin XCSwiftPackageProductDependency section */
		32642EE02873212200CF2E00 /* Kingfisher */ = {
			isa = XCSwiftPackageProductDependency;
			package = 32642EDF2873212200CF2E00 /* XCRemoteSwiftPackageReference "Kingfisher" */;
			productName = Kingfisher;
		};
		32642EE3287321A300CF2E00 /* SnapKit */ = {
			isa = XCSwiftPackageProductDependency;
			package = 32642EE2287321A300CF2E00 /* XCRemoteSwiftPackageReference "SnapKit" */;
			productName = SnapKit;
		};
/* End XCSwiftPackageProductDependency section */
	};
	rootObject = 32642EC028730E0A00CF2E00 /* Project object */;
}
